
Microsoft Visual Studio Solution File, Format Version 12.00
# Visual Studio Version 17
VisualStudioVersion = 17.7.34024.191
MinimumVisualStudioVersion = 10.0.40219.1
Project("{FAE04EC0-301F-11D3-BF4B-00C04F79EFBC}") = "ApiDemoApp", "ApiDemoApp\ApiDemoApp.csproj", "{DC9295D0-ADA7-4489-9CDB-37027CB2E708}"
EndProject
Global
	GlobalSection(SolutionConfigurationPlatforms) = preSolution
		Debug|Any CPU = Debug|Any CPU
		Release|Any CPU = Release|Any CPU
	EndGlobalSection
	GlobalSection(ProjectConfigurationPlatforms) = postSolution
		{DC9295D0-ADA7-4489-9CDB-37027CB2E708}.Debug|Any CPU.ActiveCfg = Debug|Any CPU
		{DC9295D0-ADA7-4489-9CDB-37027CB2E708}.Debug|Any CPU.Build.0 = Debug|Any CPU
		{DC9295D0-ADA7-4489-9CDB-37027CB2E708}.Release|Any CPU.ActiveCfg = Release|Any CPU
		{DC9295D0-ADA7-4489-9CDB-37027CB2E708}.Release|Any CPU.Build.0 = Release|Any CPU
	EndGlobalSection
	GlobalSection(SolutionProperties) = preSolution
		HideSolutionNode = FALSE
	EndGlobalSection
	GlobalSection(ExtensibilityGlobals) = postSolution
		SolutionGuid = {5922B63A-115B-40FC-8345-93FDCE092CF7}
	EndGlobalSection
EndGlobal
